// !$*UTF8*$!
{
	archiveVersion = 1;
	classes = {
	};
	objectVersion = 48;
	objects = {

/* Begin PBXFileReference section */
		D0942ACA1F6D67A700830F57 /* APPLE_LICENSE */ = {isa = PBXFileReference; lastKnownFileType = text; path = APPLE_LICENSE; sourceTree = "<group>"; };
		D0942ACB1F6D67A700830F57 /* CFApplicationPreferences.c */ = {isa = PBXFileReference; lastKnownFileType = sourcecode.c.c; path = CFApplicationPreferences.c; sourceTree = "<group>"; };
		D0942ACC1F6D67A700830F57 /* CFArray.c */ = {isa = PBXFileReference; lastKnownFileType = sourcecode.c.c; path = CFArray.c; sourceTree = "<group>"; };
		D0942ACD1F6D67A700830F57 /* CFArray.h */ = {isa = PBXFileReference; lastKnownFileType = sourcecode.c.h; path = CFArray.h; sourceTree = "<group>"; };
		D0942ACE1F6D67A700830F57 /* CFAvailability.h */ = {isa = PBXFileReference; lastKnownFileType = sourcecode.c.h; path = CFAvailability.h; sourceTree = "<group>"; };
		D0942ACF1F6D67A700830F57 /* CFBag.c */ = {isa = PBXFileReference; lastKnownFileType = sourcecode.c.c; path = CFBag.c; sourceTree = "<group>"; };
		D0942AD01F6D67A700830F57 /* CFBag.h */ = {isa = PBXFileReference; lastKnownFileType = sourcecode.c.h; path = CFBag.h; sourceTree = "<group>"; };
		D0942AD11F6D67A700830F57 /* CFBase.c */ = {isa = PBXFileReference; lastKnownFileType = sourcecode.c.c; path = CFBase.c; sourceTree = "<group>"; };
		D0942AD21F6D67A700830F57 /* CFBase.h */ = {isa = PBXFileReference; lastKnownFileType = sourcecode.c.h; path = CFBase.h; sourceTree = "<group>"; };
		D0942AD31F6D67A700830F57 /* CFBasicHash.c */ = {isa = PBXFileReference; lastKnownFileType = sourcecode.c.c; path = CFBasicHash.c; sourceTree = "<group>"; };
		D0942AD41F6D67A700830F57 /* CFBasicHash.h */ = {isa = PBXFileReference; lastKnownFileType = sourcecode.c.h; path = CFBasicHash.h; sourceTree = "<group>"; };
		D0942AD51F6D67A700830F57 /* CFBasicHashFindBucket.m */ = {isa = PBXFileReference; lastKnownFileType = sourcecode.c.objc; path = CFBasicHashFindBucket.m; sourceTree = "<group>"; };
		D0942AD61F6D67A700830F57 /* CFBigNumber.c */ = {isa = PBXFileReference; lastKnownFileType = sourcecode.c.c; path = CFBigNumber.c; sourceTree = "<group>"; };
		D0942AD71F6D67A700830F57 /* CFBigNumber.h */ = {isa = PBXFileReference; lastKnownFileType = sourcecode.c.h; path = CFBigNumber.h; sourceTree = "<group>"; };
		D0942AD81F6D67A700830F57 /* CFBinaryHeap.c */ = {isa = PBXFileReference; lastKnownFileType = sourcecode.c.c; path = CFBinaryHeap.c; sourceTree = "<group>"; };
		D0942AD91F6D67A700830F57 /* CFBinaryHeap.h */ = {isa = PBXFileReference; lastKnownFileType = sourcecode.c.h; path = CFBinaryHeap.h; sourceTree = "<group>"; };
		D0942ADA1F6D67A700830F57 /* CFBinaryPList.c */ = {isa = PBXFileReference; lastKnownFileType = sourcecode.c.c; path = CFBinaryPList.c; sourceTree = "<group>"; };
		D0942ADB1F6D67A700830F57 /* CFBitVector.c */ = {isa = PBXFileReference; lastKnownFileType = sourcecode.c.c; path = CFBitVector.c; sourceTree = "<group>"; };
		D0942ADC1F6D67A700830F57 /* CFBitVector.h */ = {isa = PBXFileReference; lastKnownFileType = sourcecode.c.h; path = CFBitVector.h; sourceTree = "<group>"; };
		D0942ADD1F6D67A700830F57 /* CFBuiltinConverters.c */ = {isa = PBXFileReference; lastKnownFileType = sourcecode.c.c; path = CFBuiltinConverters.c; sourceTree = "<group>"; };
		D0942ADE1F6D67A700830F57 /* CFBundle.c */ = {isa = PBXFileReference; lastKnownFileType = sourcecode.c.c; path = CFBundle.c; sourceTree = "<group>"; };
		D0942ADF1F6D67A700830F57 /* CFBundle.h */ = {isa = PBXFileReference; lastKnownFileType = sourcecode.c.h; path = CFBundle.h; sourceTree = "<group>"; };
		D0942AE01F6D67A700830F57 /* CFBundle_BinaryTypes.h */ = {isa = PBXFileReference; lastKnownFileType = sourcecode.c.h; path = CFBundle_BinaryTypes.h; sourceTree = "<group>"; };
		D0942AE11F6D67A700830F57 /* CFBundle_InfoPlist.c */ = {isa = PBXFileReference; lastKnownFileType = sourcecode.c.c; path = CFBundle_InfoPlist.c; sourceTree = "<group>"; };
		D0942AE21F6D67A700830F57 /* CFBundle_Internal.h */ = {isa = PBXFileReference; lastKnownFileType = sourcecode.c.h; path = CFBundle_Internal.h; sourceTree = "<group>"; };
		D0942AE31F6D67A700830F57 /* CFBundle_Resources.c */ = {isa = PBXFileReference; lastKnownFileType = sourcecode.c.c; path = CFBundle_Resources.c; sourceTree = "<group>"; };
		D0942AE41F6D67A700830F57 /* CFBundlePriv.h */ = {isa = PBXFileReference; lastKnownFileType = sourcecode.c.h; path = CFBundlePriv.h; sourceTree = "<group>"; };
		D0942AE51F6D67A700830F57 /* CFBurstTrie.c */ = {isa = PBXFileReference; lastKnownFileType = sourcecode.c.c; path = CFBurstTrie.c; sourceTree = "<group>"; };
		D0942AE61F6D67A700830F57 /* CFBurstTrie.h */ = {isa = PBXFileReference; lastKnownFileType = sourcecode.c.h; path = CFBurstTrie.h; sourceTree = "<group>"; };
		D0942AE71F6D67A700830F57 /* CFByteOrder.h */ = {isa = PBXFileReference; lastKnownFileType = sourcecode.c.h; path = CFByteOrder.h; sourceTree = "<group>"; };
		D0942AE81F6D67A700830F57 /* CFCalendar.c */ = {isa = PBXFileReference; lastKnownFileType = sourcecode.c.c; path = CFCalendar.c; sourceTree = "<group>"; };
		D0942AE91F6D67A700830F57 /* CFCalendar.h */ = {isa = PBXFileReference; lastKnownFileType = sourcecode.c.h; path = CFCalendar.h; sourceTree = "<group>"; };
		D0942AEA1F6D67A700830F57 /* CFCharacterSet.c */ = {isa = PBXFileReference; lastKnownFileType = sourcecode.c.c; path = CFCharacterSet.c; sourceTree = "<group>"; };
		D0942AEB1F6D67A700830F57 /* CFCharacterSet.h */ = {isa = PBXFileReference; lastKnownFileType = sourcecode.c.h; path = CFCharacterSet.h; sourceTree = "<group>"; };
		D0942AEC1F6D67A700830F57 /* CFCharacterSetBitmaps.bitmap */ = {isa = PBXFileReference; lastKnownFileType = file; path = CFCharacterSetBitmaps.bitmap; sourceTree = "<group>"; };
		D0942AED1F6D67A700830F57 /* CFCharacterSetPriv.h */ = {isa = PBXFileReference; lastKnownFileType = sourcecode.c.h; path = CFCharacterSetPriv.h; sourceTree = "<group>"; };
		D0942AEE1F6D67A700830F57 /* CFConcreteStreams.c */ = {isa = PBXFileReference; lastKnownFileType = sourcecode.c.c; path = CFConcreteStreams.c; sourceTree = "<group>"; };
		D0942AEF1F6D67A700830F57 /* CFData.c */ = {isa = PBXFileReference; lastKnownFileType = sourcecode.c.c; path = CFData.c; sourceTree = "<group>"; };
		D0942AF01F6D67A700830F57 /* CFData.h */ = {isa = PBXFileReference; lastKnownFileType = sourcecode.c.h; path = CFData.h; sourceTree = "<group>"; };
		D0942AF11F6D67A700830F57 /* CFDate.c */ = {isa = PBXFileReference; lastKnownFileType = sourcecode.c.c; path = CFDate.c; sourceTree = "<group>"; };
		D0942AF21F6D67A700830F57 /* CFDate.h */ = {isa = PBXFileReference; lastKnownFileType = sourcecode.c.h; path = CFDate.h; sourceTree = "<group>"; };
		D0942AF31F6D67A700830F57 /* CFDateFormatter.c */ = {isa = PBXFileReference; lastKnownFileType = sourcecode.c.c; path = CFDateFormatter.c; sourceTree = "<group>"; };
		D0942AF41F6D67A700830F57 /* CFDateFormatter.h */ = {isa = PBXFileReference; lastKnownFileType = sourcecode.c.h; path = CFDateFormatter.h; sourceTree = "<group>"; };
		D0942AF51F6D67A700830F57 /* CFDictionary.c */ = {isa = PBXFileReference; lastKnownFileType = sourcecode.c.c; path = CFDictionary.c; sourceTree = "<group>"; };
		D0942AF61F6D67A700830F57 /* CFDictionary.h */ = {isa = PBXFileReference; lastKnownFileType = sourcecode.c.h; path = CFDictionary.h; sourceTree = "<group>"; };
		D0942AF71F6D67A700830F57 /* CFError.c */ = {isa = PBXFileReference; lastKnownFileType = sourcecode.c.c; path = CFError.c; sourceTree = "<group>"; };
		D0942AF81F6D67A700830F57 /* CFError.h */ = {isa = PBXFileReference; lastKnownFileType = sourcecode.c.h; path = CFError.h; sourceTree = "<group>"; };
		D0942AF91F6D67A700830F57 /* CFError_Private.h */ = {isa = PBXFileReference; lastKnownFileType = sourcecode.c.h; path = CFError_Private.h; sourceTree = "<group>"; };
		D0942AFA1F6D67A700830F57 /* CFFileUtilities.c */ = {isa = PBXFileReference; lastKnownFileType = sourcecode.c.c; path = CFFileUtilities.c; sourceTree = "<group>"; };
		D0942AFB1F6D67A700830F57 /* CFICUConverters.c */ = {isa = PBXFileReference; lastKnownFileType = sourcecode.c.c; path = CFICUConverters.c; sourceTree = "<group>"; };
		D0942AFC1F6D67A700830F57 /* CFICUConverters.h */ = {isa = PBXFileReference; lastKnownFileType = sourcecode.c.h; path = CFICUConverters.h; sourceTree = "<group>"; };
		D0942AFD1F6D67A700830F57 /* CFICULogging.h */ = {isa = PBXFileReference; lastKnownFileType = sourcecode.c.h; path = CFICULogging.h; sourceTree = "<group>"; };
		D0942AFE1F6D67A700830F57 /* CFInternal.h */ = {isa = PBXFileReference; lastKnownFileType = sourcecode.c.h; path = CFInternal.h; sourceTree = "<group>"; };
		D0942AFF1F6D67A700830F57 /* CFLocale.c */ = {isa = PBXFileReference; lastKnownFileType = sourcecode.c.c; path = CFLocale.c; sourceTree = "<group>"; };
		D0942B001F6D67A700830F57 /* CFLocale.h */ = {isa = PBXFileReference; lastKnownFileType = sourcecode.c.h; path = CFLocale.h; sourceTree = "<group>"; };
		D0942B011F6D67A700830F57 /* CFLocaleIdentifier.c */ = {isa = PBXFileReference; lastKnownFileType = sourcecode.c.c; path = CFLocaleIdentifier.c; sourceTree = "<group>"; };
		D0942B021F6D67A700830F57 /* CFLocaleInternal.h */ = {isa = PBXFileReference; lastKnownFileType = sourcecode.c.h; path = CFLocaleInternal.h; sourceTree = "<group>"; };
		D0942B031F6D67A700830F57 /* CFLocaleKeys.c */ = {isa = PBXFileReference; lastKnownFileType = sourcecode.c.c; path = CFLocaleKeys.c; sourceTree = "<group>"; };
		D0942B041F6D67A700830F57 /* CFLogUtilities.h */ = {isa = PBXFileReference; lastKnownFileType = sourcecode.c.h; path = CFLogUtilities.h; sourceTree = "<group>"; };
		D0942B051F6D67A700830F57 /* CFMachPort.c */ = {isa = PBXFileReference; lastKnownFileType = sourcecode.c.c; path = CFMachPort.c; sourceTree = "<group>"; };
		D0942B061F6D67A700830F57 /* CFMachPort.h */ = {isa = PBXFileReference; lastKnownFileType = sourcecode.c.h; path = CFMachPort.h; sourceTree = "<group>"; };
		D0942B071F6D67A700830F57 /* CFMessagePort.c */ = {isa = PBXFileReference; lastKnownFileType = sourcecode.c.c; path = CFMessagePort.c; sourceTree = "<group>"; };
		D0942B081F6D67A700830F57 /* CFMessagePort.h */ = {isa = PBXFileReference; lastKnownFileType = sourcecode.c.h; path = CFMessagePort.h; sourceTree = "<group>"; };
		D0942B091F6D67A700830F57 /* CFNumber.c */ = {isa = PBXFileReference; lastKnownFileType = sourcecode.c.c; path = CFNumber.c; sourceTree = "<group>"; };
		D0942B0A1F6D67A700830F57 /* CFNumber.h */ = {isa = PBXFileReference; lastKnownFileType = sourcecode.c.h; path = CFNumber.h; sourceTree = "<group>"; };
		D0942B0B1F6D67A700830F57 /* CFNumberFormatter.c */ = {isa = PBXFileReference; lastKnownFileType = sourcecode.c.c; path = CFNumberFormatter.c; sourceTree = "<group>"; };
		D0942B0C1F6D67A700830F57 /* CFNumberFormatter.h */ = {isa = PBXFileReference; lastKnownFileType = sourcecode.c.h; path = CFNumberFormatter.h; sourceTree = "<group>"; };
		D0942B0D1F6D67A700830F57 /* CFOldStylePList.c */ = {isa = PBXFileReference; lastKnownFileType = sourcecode.c.c; path = CFOldStylePList.c; sourceTree = "<group>"; };
		D0942B0E1F6D67A700830F57 /* CFPlatform.c */ = {isa = PBXFileReference; lastKnownFileType = sourcecode.c.c; path = CFPlatform.c; sourceTree = "<group>"; };
		D0942B0F1F6D67A700830F57 /* CFPlatformConverters.c */ = {isa = PBXFileReference; lastKnownFileType = sourcecode.c.c; path = CFPlatformConverters.c; sourceTree = "<group>"; };
		D0942B101F6D67A700830F57 /* CFPlugIn.c */ = {isa = PBXFileReference; lastKnownFileType = sourcecode.c.c; path = CFPlugIn.c; sourceTree = "<group>"; };
		D0942B111F6D67A700830F57 /* CFPlugIn.h */ = {isa = PBXFileReference; lastKnownFileType = sourcecode.c.h; path = CFPlugIn.h; sourceTree = "<group>"; };
		D0942B121F6D67A700830F57 /* CFPlugIn_Factory.c */ = {isa = PBXFileReference; lastKnownFileType = sourcecode.c.c; path = CFPlugIn_Factory.c; sourceTree = "<group>"; };
		D0942B131F6D67A700830F57 /* CFPlugIn_Factory.h */ = {isa = PBXFileReference; lastKnownFileType = sourcecode.c.h; path = CFPlugIn_Factory.h; sourceTree = "<group>"; };
		D0942B141F6D67A700830F57 /* CFPlugIn_Instance.c */ = {isa = PBXFileReference; lastKnownFileType = sourcecode.c.c; path = CFPlugIn_Instance.c; sourceTree = "<group>"; };
		D0942B151F6D67A700830F57 /* CFPlugIn_PlugIn.c */ = {isa = PBXFileReference; lastKnownFileType = sourcecode.c.c; path = CFPlugIn_PlugIn.c; sourceTree = "<group>"; };
		D0942B161F6D67A700830F57 /* CFPlugInCOM.h */ = {isa = PBXFileReference; lastKnownFileType = sourcecode.c.h; path = CFPlugInCOM.h; sourceTree = "<group>"; };
		D0942B171F6D67A700830F57 /* CFPreferences.c */ = {isa = PBXFileReference; lastKnownFileType = sourcecode.c.c; path = CFPreferences.c; sourceTree = "<group>"; };
		D0942B181F6D67A700830F57 /* CFPreferences.h */ = {isa = PBXFileReference; lastKnownFileType = sourcecode.c.h; path = CFPreferences.h; sourceTree = "<group>"; };
		D0942B191F6D67A700830F57 /* CFPriv.h */ = {isa = PBXFileReference; lastKnownFileType = sourcecode.c.h; path = CFPriv.h; sourceTree = "<group>"; };
		D0942B1A1F6D67A700830F57 /* CFPropertyList.c */ = {isa = PBXFileReference; lastKnownFileType = sourcecode.c.c; path = CFPropertyList.c; sourceTree = "<group>"; };
		D0942B1B1F6D67A700830F57 /* CFPropertyList.h */ = {isa = PBXFileReference; lastKnownFileType = sourcecode.c.h; path = CFPropertyList.h; sourceTree = "<group>"; };
		D0942B1C1F6D67A700830F57 /* CFRunLoop.c */ = {isa = PBXFileReference; lastKnownFileType = sourcecode.c.c; path = CFRunLoop.c; sourceTree = "<group>"; };
		D0942B1D1F6D67A700830F57 /* CFRunLoop.h */ = {isa = PBXFileReference; lastKnownFileType = sourcecode.c.h; path = CFRunLoop.h; sourceTree = "<group>"; };
		D0942B1E1F6D67A700830F57 /* CFRuntime.c */ = {isa = PBXFileReference; lastKnownFileType = sourcecode.c.c; path = CFRuntime.c; sourceTree = "<group>"; };
		D0942B1F1F6D67A700830F57 /* CFRuntime.h */ = {isa = PBXFileReference; lastKnownFileType = sourcecode.c.h; path = CFRuntime.h; sourceTree = "<group>"; };
		D0942B201F6D67A700830F57 /* CFSet.c */ = {isa = PBXFileReference; lastKnownFileType = sourcecode.c.c; path = CFSet.c; sourceTree = "<group>"; };
		D0942B211F6D67A700830F57 /* CFSet.h */ = {isa = PBXFileReference; lastKnownFileType = sourcecode.c.h; path = CFSet.h; sourceTree = "<group>"; };
		D0942B221F6D67A700830F57 /* CFSocket.c */ = {isa = PBXFileReference; lastKnownFileType = sourcecode.c.c; path = CFSocket.c; sourceTree = "<group>"; };
		D0942B231F6D67A700830F57 /* CFSocket.h */ = {isa = PBXFileReference; lastKnownFileType = sourcecode.c.h; path = CFSocket.h; sourceTree = "<group>"; };
		D0942B241F6D67A700830F57 /* CFSocketStream.c */ = {isa = PBXFileReference; lastKnownFileType = sourcecode.c.c; path = CFSocketStream.c; sourceTree = "<group>"; };
		D0942B251F6D67A700830F57 /* CFSortFunctions.c */ = {isa = PBXFileReference; lastKnownFileType = sourcecode.c.c; path = CFSortFunctions.c; sourceTree = "<group>"; };
		D0942B261F6D67A700830F57 /* CFStorage.c */ = {isa = PBXFileReference; lastKnownFileType = sourcecode.c.c; path = CFStorage.c; sourceTree = "<group>"; };
		D0942B271F6D67A700830F57 /* CFStorage.h */ = {isa = PBXFileReference; lastKnownFileType = sourcecode.c.h; path = CFStorage.h; sourceTree = "<group>"; };
		D0942B281F6D67A700830F57 /* CFStream.c */ = {isa = PBXFileReference; lastKnownFileType = sourcecode.c.c; path = CFStream.c; sourceTree = "<group>"; };
		D0942B291F6D67A700830F57 /* CFStream.h */ = {isa = PBXFileReference; lastKnownFileType = sourcecode.c.h; path = CFStream.h; sourceTree = "<group>"; };
		D0942B2A1F6D67A700830F57 /* CFStreamAbstract.h */ = {isa = PBXFileReference; lastKnownFileType = sourcecode.c.h; path = CFStreamAbstract.h; sourceTree = "<group>"; };
		D0942B2B1F6D67A700830F57 /* CFStreamInternal.h */ = {isa = PBXFileReference; lastKnownFileType = sourcecode.c.h; path = CFStreamInternal.h; sourceTree = "<group>"; };
		D0942B2C1F6D67A700830F57 /* CFStreamPriv.h */ = {isa = PBXFileReference; lastKnownFileType = sourcecode.c.h; path = CFStreamPriv.h; sourceTree = "<group>"; };
		D0942B2D1F6D67A700830F57 /* CFString.c */ = {isa = PBXFileReference; lastKnownFileType = sourcecode.c.c; path = CFString.c; sourceTree = "<group>"; };
		D0942B2E1F6D67A700830F57 /* CFString.h */ = {isa = PBXFileReference; lastKnownFileType = sourcecode.c.h; path = CFString.h; sourceTree = "<group>"; };
		D0942B2F1F6D67A700830F57 /* CFStringDefaultEncoding.h */ = {isa = PBXFileReference; lastKnownFileType = sourcecode.c.h; path = CFStringDefaultEncoding.h; sourceTree = "<group>"; };
		D0942B301F6D67A700830F57 /* CFStringEncodingConverter.c */ = {isa = PBXFileReference; lastKnownFileType = sourcecode.c.c; path = CFStringEncodingConverter.c; sourceTree = "<group>"; };
		D0942B311F6D67A700830F57 /* CFStringEncodingConverter.h */ = {isa = PBXFileReference; lastKnownFileType = sourcecode.c.h; path = CFStringEncodingConverter.h; sourceTree = "<group>"; };
		D0942B321F6D67A700830F57 /* CFStringEncodingConverterExt.h */ = {isa = PBXFileReference; lastKnownFileType = sourcecode.c.h; path = CFStringEncodingConverterExt.h; sourceTree = "<group>"; };
		D0942B331F6D67A700830F57 /* CFStringEncodingConverterPriv.h */ = {isa = PBXFileReference; lastKnownFileType = sourcecode.c.h; path = CFStringEncodingConverterPriv.h; sourceTree = "<group>"; };
		D0942B341F6D67A700830F57 /* CFStringEncodingDatabase.c */ = {isa = PBXFileReference; lastKnownFileType = sourcecode.c.c; path = CFStringEncodingDatabase.c; sourceTree = "<group>"; };
		D0942B351F6D67A700830F57 /* CFStringEncodingDatabase.h */ = {isa = PBXFileReference; lastKnownFileType = sourcecode.c.h; path = CFStringEncodingDatabase.h; sourceTree = "<group>"; };
		D0942B361F6D67A700830F57 /* CFStringEncodingExt.h */ = {isa = PBXFileReference; lastKnownFileType = sourcecode.c.h; path = CFStringEncodingExt.h; sourceTree = "<group>"; };
		D0942B371F6D67A700830F57 /* CFStringEncodings.c */ = {isa = PBXFileReference; lastKnownFileType = sourcecode.c.c; path = CFStringEncodings.c; sourceTree = "<group>"; };
		D0942B381F6D67A700830F57 /* CFStringScanner.c */ = {isa = PBXFileReference; lastKnownFileType = sourcecode.c.c; path = CFStringScanner.c; sourceTree = "<group>"; };
		D0942B391F6D67A700830F57 /* CFStringUtilities.c */ = {isa = PBXFileReference; lastKnownFileType = sourcecode.c.c; path = CFStringUtilities.c; sourceTree = "<group>"; };
		D0942B3A1F6D67A700830F57 /* CFSystemDirectories.c */ = {isa = PBXFileReference; lastKnownFileType = sourcecode.c.c; path = CFSystemDirectories.c; sourceTree = "<group>"; };
		D0942B3B1F6D67A700830F57 /* CFTimeZone.c */ = {isa = PBXFileReference; lastKnownFileType = sourcecode.c.c; path = CFTimeZone.c; sourceTree = "<group>"; };
		D0942B3C1F6D67A700830F57 /* CFTimeZone.h */ = {isa = PBXFileReference; lastKnownFileType = sourcecode.c.h; path = CFTimeZone.h; sourceTree = "<group>"; };
		D0942B3D1F6D67A700830F57 /* CFTree.c */ = {isa = PBXFileReference; lastKnownFileType = sourcecode.c.c; path = CFTree.c; sourceTree = "<group>"; };
		D0942B3E1F6D67A700830F57 /* CFTree.h */ = {isa = PBXFileReference; lastKnownFileType = sourcecode.c.h; path = CFTree.h; sourceTree = "<group>"; };
		D0942B3F1F6D67A700830F57 /* CFUniChar.c */ = {isa = PBXFileReference; lastKnownFileType = sourcecode.c.c; path = CFUniChar.c; sourceTree = "<group>"; };
		D0942B401F6D67A700830F57 /* CFUniChar.h */ = {isa = PBXFileReference; lastKnownFileType = sourcecode.c.h; path = CFUniChar.h; sourceTree = "<group>"; };
		D0942B411F6D67A700830F57 /* CFUniCharPriv.h */ = {isa = PBXFileReference; lastKnownFileType = sourcecode.c.h; path = CFUniCharPriv.h; sourceTree = "<group>"; };
		D0942B421F6D67A700830F57 /* CFUniCharPropertyDatabase.data */ = {isa = PBXFileReference; lastKnownFileType = file; path = CFUniCharPropertyDatabase.data; sourceTree = "<group>"; };
		D0942B431F6D67A700830F57 /* CFUnicodeData-B.mapping */ = {isa = PBXFileReference; lastKnownFileType = file; path = "CFUnicodeData-B.mapping"; sourceTree = "<group>"; };
		D0942B441F6D67A700830F57 /* CFUnicodeData-L.mapping */ = {isa = PBXFileReference; lastKnownFileType = file; path = "CFUnicodeData-L.mapping"; sourceTree = "<group>"; };
		D0942B451F6D67A700830F57 /* CFUnicodeDecomposition.c */ = {isa = PBXFileReference; lastKnownFileType = sourcecode.c.c; path = CFUnicodeDecomposition.c; sourceTree = "<group>"; };
		D0942B461F6D67A700830F57 /* CFUnicodeDecomposition.h */ = {isa = PBXFileReference; lastKnownFileType = sourcecode.c.h; path = CFUnicodeDecomposition.h; sourceTree = "<group>"; };
		D0942B471F6D67A700830F57 /* CFUnicodePrecomposition.c */ = {isa = PBXFileReference; lastKnownFileType = sourcecode.c.c; path = CFUnicodePrecomposition.c; sourceTree = "<group>"; };
		D0942B481F6D67A700830F57 /* CFUnicodePrecomposition.h */ = {isa = PBXFileReference; lastKnownFileType = sourcecode.c.h; path = CFUnicodePrecomposition.h; sourceTree = "<group>"; };
		D0942B491F6D67A700830F57 /* CFURL.c */ = {isa = PBXFileReference; lastKnownFileType = sourcecode.c.c; path = CFURL.c; sourceTree = "<group>"; };
		D0942B4A1F6D67A700830F57 /* CFURL.h */ = {isa = PBXFileReference; lastKnownFileType = sourcecode.c.h; path = CFURL.h; sourceTree = "<group>"; };
		D0942B4B1F6D67A700830F57 /* CFURL.inc.h */ = {isa = PBXFileReference; lastKnownFileType = sourcecode.c.h; path = CFURL.inc.h; sourceTree = "<group>"; };
		D0942B4C1F6D67A700830F57 /* CFURLAccess.c */ = {isa = PBXFileReference; lastKnownFileType = sourcecode.c.c; path = CFURLAccess.c; sourceTree = "<group>"; };
		D0942B4D1F6D67A700830F57 /* CFURLAccess.h */ = {isa = PBXFileReference; lastKnownFileType = sourcecode.c.h; path = CFURLAccess.h; sourceTree = "<group>"; };
		D0942B4E1F6D67A700830F57 /* CFURLPriv.h */ = {isa = PBXFileReference; lastKnownFileType = sourcecode.c.h; path = CFURLPriv.h; sourceTree = "<group>"; };
		D0942B4F1F6D67A700830F57 /* CFUserNotification.c */ = {isa = PBXFileReference; lastKnownFileType = sourcecode.c.c; path = CFUserNotification.c; sourceTree = "<group>"; };
		D0942B501F6D67A700830F57 /* CFUserNotification.h */ = {isa = PBXFileReference; lastKnownFileType = sourcecode.c.h; path = CFUserNotification.h; sourceTree = "<group>"; };
		D0942B511F6D67A700830F57 /* CFUtilities.c */ = {isa = PBXFileReference; lastKnownFileType = sourcecode.c.c; path = CFUtilities.c; sourceTree = "<group>"; };
		D0942B521F6D67A700830F57 /* CFUtilities.h */ = {isa = PBXFileReference; lastKnownFileType = sourcecode.c.h; path = CFUtilities.h; sourceTree = "<group>"; };
		D0942B531F6D67A700830F57 /* CFUUID.c */ = {isa = PBXFileReference; lastKnownFileType = sourcecode.c.c; path = CFUUID.c; sourceTree = "<group>"; };
		D0942B541F6D67A700830F57 /* CFUUID.h */ = {isa = PBXFileReference; lastKnownFileType = sourcecode.c.h; path = CFUUID.h; sourceTree = "<group>"; };
		D0942B551F6D67A700830F57 /* CFVersion.c */ = {isa = PBXFileReference; lastKnownFileType = sourcecode.c.c; path = CFVersion.c; sourceTree = "<group>"; };
		D0942B561F6D67A700830F57 /* CFWindowsUtilities.c */ = {isa = PBXFileReference; lastKnownFileType = sourcecode.c.c; path = CFWindowsUtilities.c; sourceTree = "<group>"; };
		D0942B571F6D67A700830F57 /* CFXMLInputStream.c */ = {isa = PBXFileReference; lastKnownFileType = sourcecode.c.c; path = CFXMLInputStream.c; sourceTree = "<group>"; };
		D0942B581F6D67A700830F57 /* CFXMLInputStream.h */ = {isa = PBXFileReference; lastKnownFileType = sourcecode.c.h; path = CFXMLInputStream.h; sourceTree = "<group>"; };
		D0942B591F6D67A700830F57 /* CFXMLNode.c */ = {isa = PBXFileReference; lastKnownFileType = sourcecode.c.c; path = CFXMLNode.c; sourceTree = "<group>"; };
		D0942B5A1F6D67A700830F57 /* CFXMLNode.h */ = {isa = PBXFileReference; lastKnownFileType = sourcecode.c.h; path = CFXMLNode.h; sourceTree = "<group>"; };
		D0942B5B1F6D67A700830F57 /* CFXMLParser.c */ = {isa = PBXFileReference; lastKnownFileType = sourcecode.c.c; path = CFXMLParser.c; sourceTree = "<group>"; };
		D0942B5C1F6D67A700830F57 /* CFXMLParser.h */ = {isa = PBXFileReference; lastKnownFileType = sourcecode.c.h; path = CFXMLParser.h; sourceTree = "<group>"; };
		D0942B5D1F6D67A700830F57 /* CFXMLPreferencesDomain.c */ = {isa = PBXFileReference; lastKnownFileType = sourcecode.c.c; path = CFXMLPreferencesDomain.c; sourceTree = "<group>"; };
		D0942B5E1F6D67A700830F57 /* CFXMLTree.c */ = {isa = PBXFileReference; lastKnownFileType = sourcecode.c.c; path = CFXMLTree.c; sourceTree = "<group>"; };
		D0942B5F1F6D67A700830F57 /* CoreFoundation.h */ = {isa = PBXFileReference; lastKnownFileType = sourcecode.c.h; path = CoreFoundation.h; sourceTree = "<group>"; };
		D0942B601F6D67A700830F57 /* CoreFoundation_Prefix.h */ = {isa = PBXFileReference; lastKnownFileType = sourcecode.c.h; path = CoreFoundation_Prefix.h; sourceTree = "<group>"; };
		D0942B611F6D67A700830F57 /* Examples */ = {isa = PBXFileReference; lastKnownFileType = folder; path = Examples; sourceTree = "<group>"; };
		D0942B621F6D67A700830F57 /* ForFoundationOnly.h */ = {isa = PBXFileReference; lastKnownFileType = sourcecode.c.h; path = ForFoundationOnly.h; sourceTree = "<group>"; };
		D0942B631F6D67A700830F57 /* Info.plist */ = {isa = PBXFileReference; lastKnownFileType = text.plist.xml; path = Info.plist; sourceTree = "<group>"; };
		D0942B641F6D67A700830F57 /* Makefile */ = {isa = PBXFileReference; lastKnownFileType = sourcecode.make; path = Makefile; sourceTree = "<group>"; };
		D0942B651F6D67A700830F57 /* MakefileLinux */ = {isa = PBXFileReference; lastKnownFileType = text; path = MakefileLinux; sourceTree = "<group>"; };
		D0942B661F6D67A700830F57 /* MakefileVersion */ = {isa = PBXFileReference; lastKnownFileType = text; path = MakefileVersion; sourceTree = "<group>"; };
		D0942B671F6D67A700830F57 /* plconvert.c */ = {isa = PBXFileReference; lastKnownFileType = sourcecode.c.c; path = plconvert.c; sourceTree = "<group>"; };
		D0942B681F6D67A700830F57 /* PropertyList.dtd */ = {isa = PBXFileReference; lastKnownFileType = text.xml; path = PropertyList.dtd; sourceTree = "<group>"; };
		D0942B691F6D67A700830F57 /* README_CFLITE */ = {isa = PBXFileReference; lastKnownFileType = text; path = README_CFLITE; sourceTree = "<group>"; };
		D0942B6A1F6D67A700830F57 /* SymbolAliases */ = {isa = PBXFileReference; lastKnownFileType = text; path = SymbolAliases; sourceTree = "<group>"; };
		D0942B6B1F6D67A700830F57 /* TargetConditionals.h */ = {isa = PBXFileReference; lastKnownFileType = sourcecode.c.h; path = TargetConditionals.h; sourceTree = "<group>"; };
/* End PBXFileReference section */

/* Begin PBXGroup section */
		D0942AC41F6D67A700830F57 = {
			isa = PBXGroup;
			children = (
				D0942ACA1F6D67A700830F57 /* APPLE_LICENSE */,
				D0942ACB1F6D67A700830F57 /* CFApplicationPreferences.c */,
				D0942ACC1F6D67A700830F57 /* CFArray.c */,
				D0942ACD1F6D67A700830F57 /* CFArray.h */,
				D0942ACE1F6D67A700830F57 /* CFAvailability.h */,
				D0942ACF1F6D67A700830F57 /* CFBag.c */,
				D0942AD01F6D67A700830F57 /* CFBag.h */,
				D0942AD11F6D67A700830F57 /* CFBase.c */,
				D0942AD21F6D67A700830F57 /* CFBase.h */,
				D0942AD31F6D67A700830F57 /* CFBasicHash.c */,
				D0942AD41F6D67A700830F57 /* CFBasicHash.h */,
				D0942AD51F6D67A700830F57 /* CFBasicHashFindBucket.m */,
				D0942AD61F6D67A700830F57 /* CFBigNumber.c */,
				D0942AD71F6D67A700830F57 /* CFBigNumber.h */,
				D0942AD81F6D67A700830F57 /* CFBinaryHeap.c */,
				D0942AD91F6D67A700830F57 /* CFBinaryHeap.h */,
				D0942ADA1F6D67A700830F57 /* CFBinaryPList.c */,
				D0942ADB1F6D67A700830F57 /* CFBitVector.c */,
				D0942ADC1F6D67A700830F57 /* CFBitVector.h */,
				D0942ADD1F6D67A700830F57 /* CFBuiltinConverters.c */,
				D0942ADE1F6D67A700830F57 /* CFBundle.c */,
				D0942ADF1F6D67A700830F57 /* CFBundle.h */,
				D0942AE01F6D67A700830F57 /* CFBundle_BinaryTypes.h */,
				D0942AE11F6D67A700830F57 /* CFBundle_InfoPlist.c */,
				D0942AE21F6D67A700830F57 /* CFBundle_Internal.h */,
				D0942AE31F6D67A700830F57 /* CFBundle_Resources.c */,
				D0942AE41F6D67A700830F57 /* CFBundlePriv.h */,
				D0942AE51F6D67A700830F57 /* CFBurstTrie.c */,
				D0942AE61F6D67A700830F57 /* CFBurstTrie.h */,
				D0942AE71F6D67A700830F57 /* CFByteOrder.h */,
				D0942AE81F6D67A700830F57 /* CFCalendar.c */,
				D0942AE91F6D67A700830F57 /* CFCalendar.h */,
				D0942AEA1F6D67A700830F57 /* CFCharacterSet.c */,
				D0942AEB1F6D67A700830F57 /* CFCharacterSet.h */,
				D0942AEC1F6D67A700830F57 /* CFCharacterSetBitmaps.bitmap */,
				D0942AED1F6D67A700830F57 /* CFCharacterSetPriv.h */,
				D0942AEE1F6D67A700830F57 /* CFConcreteStreams.c */,
				D0942AEF1F6D67A700830F57 /* CFData.c */,
				D0942AF01F6D67A700830F57 /* CFData.h */,
				D0942AF11F6D67A700830F57 /* CFDate.c */,
				D0942AF21F6D67A700830F57 /* CFDate.h */,
				D0942AF31F6D67A700830F57 /* CFDateFormatter.c */,
				D0942AF41F6D67A700830F57 /* CFDateFormatter.h */,
				D0942AF51F6D67A700830F57 /* CFDictionary.c */,
				D0942AF61F6D67A700830F57 /* CFDictionary.h */,
				D0942AF71F6D67A700830F57 /* CFError.c */,
				D0942AF81F6D67A700830F57 /* CFError.h */,
				D0942AF91F6D67A700830F57 /* CFError_Private.h */,
				D0942AFA1F6D67A700830F57 /* CFFileUtilities.c */,
				D0942AFB1F6D67A700830F57 /* CFICUConverters.c */,
				D0942AFC1F6D67A700830F57 /* CFICUConverters.h */,
				D0942AFD1F6D67A700830F57 /* CFICULogging.h */,
				D0942AFE1F6D67A700830F57 /* CFInternal.h */,
				D0942AFF1F6D67A700830F57 /* CFLocale.c */,
				D0942B001F6D67A700830F57 /* CFLocale.h */,
				D0942B011F6D67A700830F57 /* CFLocaleIdentifier.c */,
				D0942B021F6D67A700830F57 /* CFLocaleInternal.h */,
				D0942B031F6D67A700830F57 /* CFLocaleKeys.c */,
				D0942B041F6D67A700830F57 /* CFLogUtilities.h */,
				D0942B051F6D67A700830F57 /* CFMachPort.c */,
				D0942B061F6D67A700830F57 /* CFMachPort.h */,
				D0942B071F6D67A700830F57 /* CFMessagePort.c */,
				D0942B081F6D67A700830F57 /* CFMessagePort.h */,
				D0942B091F6D67A700830F57 /* CFNumber.c */,
				D0942B0A1F6D67A700830F57 /* CFNumber.h */,
				D0942B0B1F6D67A700830F57 /* CFNumberFormatter.c */,
				D0942B0C1F6D67A700830F57 /* CFNumberFormatter.h */,
				D0942B0D1F6D67A700830F57 /* CFOldStylePList.c */,
				D0942B0E1F6D67A700830F57 /* CFPlatform.c */,
				D0942B0F1F6D67A700830F57 /* CFPlatformConverters.c */,
				D0942B101F6D67A700830F57 /* CFPlugIn.c */,
				D0942B111F6D67A700830F57 /* CFPlugIn.h */,
				D0942B121F6D67A700830F57 /* CFPlugIn_Factory.c */,
				D0942B131F6D67A700830F57 /* CFPlugIn_Factory.h */,
				D0942B141F6D67A700830F57 /* CFPlugIn_Instance.c */,
				D0942B151F6D67A700830F57 /* CFPlugIn_PlugIn.c */,
				D0942B161F6D67A700830F57 /* CFPlugInCOM.h */,
				D0942B171F6D67A700830F57 /* CFPreferences.c */,
				D0942B181F6D67A700830F57 /* CFPreferences.h */,
				D0942B191F6D67A700830F57 /* CFPriv.h */,
				D0942B1A1F6D67A700830F57 /* CFPropertyList.c */,
				D0942B1B1F6D67A700830F57 /* CFPropertyList.h */,
				D0942B1C1F6D67A700830F57 /* CFRunLoop.c */,
				D0942B1D1F6D67A700830F57 /* CFRunLoop.h */,
				D0942B1E1F6D67A700830F57 /* CFRuntime.c */,
				D0942B1F1F6D67A700830F57 /* CFRuntime.h */,
				D0942B201F6D67A700830F57 /* CFSet.c */,
				D0942B211F6D67A700830F57 /* CFSet.h */,
				D0942B221F6D67A700830F57 /* CFSocket.c */,
				D0942B231F6D67A700830F57 /* CFSocket.h */,
				D0942B241F6D67A700830F57 /* CFSocketStream.c */,
				D0942B251F6D67A700830F57 /* CFSortFunctions.c */,
				D0942B261F6D67A700830F57 /* CFStorage.c */,
				D0942B271F6D67A700830F57 /* CFStorage.h */,
				D0942B281F6D67A700830F57 /* CFStream.c */,
				D0942B291F6D67A700830F57 /* CFStream.h */,
				D0942B2A1F6D67A700830F57 /* CFStreamAbstract.h */,
				D0942B2B1F6D67A700830F57 /* CFStreamInternal.h */,
				D0942B2C1F6D67A700830F57 /* CFStreamPriv.h */,
				D0942B2D1F6D67A700830F57 /* CFString.c */,
				D0942B2E1F6D67A700830F57 /* CFString.h */,
				D0942B2F1F6D67A700830F57 /* CFStringDefaultEncoding.h */,
				D0942B301F6D67A700830F57 /* CFStringEncodingConverter.c */,
				D0942B311F6D67A700830F57 /* CFStringEncodingConverter.h */,
				D0942B321F6D67A700830F57 /* CFStringEncodingConverterExt.h */,
				D0942B331F6D67A700830F57 /* CFStringEncodingConverterPriv.h */,
				D0942B341F6D67A700830F57 /* CFStringEncodingDatabase.c */,
				D0942B351F6D67A700830F57 /* CFStringEncodingDatabase.h */,
				D0942B361F6D67A700830F57 /* CFStringEncodingExt.h */,
				D0942B371F6D67A700830F57 /* CFStringEncodings.c */,
				D0942B381F6D67A700830F57 /* CFStringScanner.c */,
				D0942B391F6D67A700830F57 /* CFStringUtilities.c */,
				D0942B3A1F6D67A700830F57 /* CFSystemDirectories.c */,
				D0942B3B1F6D67A700830F57 /* CFTimeZone.c */,
				D0942B3C1F6D67A700830F57 /* CFTimeZone.h */,
				D0942B3D1F6D67A700830F57 /* CFTree.c */,
				D0942B3E1F6D67A700830F57 /* CFTree.h */,
				D0942B3F1F6D67A700830F57 /* CFUniChar.c */,
				D0942B401F6D67A700830F57 /* CFUniChar.h */,
				D0942B411F6D67A700830F57 /* CFUniCharPriv.h */,
				D0942B421F6D67A700830F57 /* CFUniCharPropertyDatabase.data */,
				D0942B431F6D67A700830F57 /* CFUnicodeData-B.mapping */,
				D0942B441F6D67A700830F57 /* CFUnicodeData-L.mapping */,
				D0942B451F6D67A700830F57 /* CFUnicodeDecomposition.c */,
				D0942B461F6D67A700830F57 /* CFUnicodeDecomposition.h */,
				D0942B471F6D67A700830F57 /* CFUnicodePrecomposition.c */,
				D0942B481F6D67A700830F57 /* CFUnicodePrecomposition.h */,
				D0942B491F6D67A700830F57 /* CFURL.c */,
				D0942B4A1F6D67A700830F57 /* CFURL.h */,
				D0942B4B1F6D67A700830F57 /* CFURL.inc.h */,
				D0942B4C1F6D67A700830F57 /* CFURLAccess.c */,
				D0942B4D1F6D67A700830F57 /* CFURLAccess.h */,
				D0942B4E1F6D67A700830F57 /* CFURLPriv.h */,
				D0942B4F1F6D67A700830F57 /* CFUserNotification.c */,
				D0942B501F6D67A700830F57 /* CFUserNotification.h */,
				D0942B511F6D67A700830F57 /* CFUtilities.c */,
				D0942B521F6D67A700830F57 /* CFUtilities.h */,
				D0942B531F6D67A700830F57 /* CFUUID.c */,
				D0942B541F6D67A700830F57 /* CFUUID.h */,
				D0942B551F6D67A700830F57 /* CFVersion.c */,
				D0942B561F6D67A700830F57 /* CFWindowsUtilities.c */,
				D0942B571F6D67A700830F57 /* CFXMLInputStream.c */,
				D0942B581F6D67A700830F57 /* CFXMLInputStream.h */,
				D0942B591F6D67A700830F57 /* CFXMLNode.c */,
				D0942B5A1F6D67A700830F57 /* CFXMLNode.h */,
				D0942B5B1F6D67A700830F57 /* CFXMLParser.c */,
				D0942B5C1F6D67A700830F57 /* CFXMLParser.h */,
				D0942B5D1F6D67A700830F57 /* CFXMLPreferencesDomain.c */,
				D0942B5E1F6D67A700830F57 /* CFXMLTree.c */,
				D0942B5F1F6D67A700830F57 /* CoreFoundation.h */,
				D0942B601F6D67A700830F57 /* CoreFoundation_Prefix.h */,
				D0942B611F6D67A700830F57 /* Examples */,
				D0942B621F6D67A700830F57 /* ForFoundationOnly.h */,
				D0942B631F6D67A700830F57 /* Info.plist */,
				D0942B641F6D67A700830F57 /* Makefile */,
				D0942B651F6D67A700830F57 /* MakefileLinux */,
				D0942B661F6D67A700830F57 /* MakefileVersion */,
				D0942B671F6D67A700830F57 /* plconvert.c */,
				D0942B681F6D67A700830F57 /* PropertyList.dtd */,
				D0942B691F6D67A700830F57 /* README_CFLITE */,
				D0942B6A1F6D67A700830F57 /* SymbolAliases */,
				D0942B6B1F6D67A700830F57 /* TargetConditionals.h */,
			);
			sourceTree = "<group>";
		};
/* End PBXGroup section */

/* Begin PBXLegacyTarget section */
		D0942AC91F6D67A700830F57 /* CF-855.17 */ = {
			isa = PBXLegacyTarget;
			buildArgumentsString = "$(ACTION)";
			buildConfigurationList = D0942B6C1F6D67A700830F57 /* Build configuration list for PBXLegacyTarget "CF-855.17" */;
			buildPhases = (
			);
			buildToolPath = /usr/bin/make;
			buildWorkingDirectory = "/Users/zhangalan/Downloads/CF-855.17";
			dependencies = (
			);
			name = "CF-855.17";
			passBuildSettingsInEnvironment = 1;
			productName = "CF-855.17";
		};
/* End PBXLegacyTarget section */

/* Begin PBXProject section */
		D0942AC51F6D67A700830F57 /* Project object */ = {
			isa = PBXProject;
			attributes = {
			};
			buildConfigurationList = D0942AC81F6D67A700830F57 /* Build configuration list for PBXProject "CF-855.17" */;
			compatibilityVersion = "Xcode 8.0";
			developmentRegion = en;
			hasScannedForEncodings = 0;
			knownRegions = (
				en,
			);
			mainGroup = D0942AC41F6D67A700830F57;
			projectDirPath = "";
			projectRoot = "";
			targets = (
				D0942AC91F6D67A700830F57 /* CF-855.17 */,
			);
		};
/* End PBXProject section */

/* Begin XCBuildConfiguration section */
		D0942AC61F6D67A700830F57 /* Debug */ = {
			isa = XCBuildConfiguration;
			buildSettings = {
				ARCHS = "$(ARCHS_STANDARD_32_BIT)";
				COPY_PHASE_STRIP = NO;
				GCC_WARN_ABOUT_RETURN_TYPE = YES;
				GCC_WARN_UNUSED_VARIABLE = YES;
				ONLY_ACTIVE_ARCH = YES;
				SDKROOT = macosx10.6;
			};
			name = Debug;
		};
		D0942AC71F6D67A700830F57 /* Release */ = {
			isa = XCBuildConfiguration;
			buildSettings = {
				ARCHS = "$(ARCHS_STANDARD_32_BIT)";
				COPY_PHASE_STRIP = YES;
				GCC_WARN_ABOUT_RETURN_TYPE = YES;
				GCC_WARN_UNUSED_VARIABLE = YES;
				SDKROOT = macosx10.6;
			};
			name = Release;
		};
		D0942B6D1F6D67A700830F57 /* Debug */ = {
			isa = XCBuildConfiguration;
			buildSettings = {
				COPY_PHASE_STRIP = NO;
				DEBUGGING_SYMBOLS = YES;
				GCC_DYNAMIC_NO_PIC = NO;
				GCC_ENABLE_FIX_AND_CONTINUE = YES;
				GCC_GENERATE_DEBUGGING_SYMBOLS = YES;
				GCC_OPTIMIZATION_LEVEL = 0;
				OTHER_CFLAGS = "";
				OTHER_LDFLAGS = "";
				PRODUCT_NAME = "CF-855.17";
			};
			name = Debug;
		};
		D0942B6E1F6D67A700830F57 /* Release */ = {
			isa = XCBuildConfiguration;
			buildSettings = {
				COPY_PHASE_STRIP = YES;
				DEBUG_INFORMATION_FORMAT = "dwarf-with-dsym";
				GCC_ENABLE_FIX_AND_CONTINUE = NO;
				OTHER_CFLAGS = "";
				OTHER_LDFLAGS = "";
				PRODUCT_NAME = "CF-855.17";
			};
			name = Release;
		};
/* End XCBuildConfiguration section */

/* Begin XCConfigurationList section */
		D0942AC81F6D67A700830F57 /* Build configuration list for PBXProject "CF-855.17" */ = {
			isa = XCConfigurationList;
			buildConfigurations = (
				D0942AC61F6D67A700830F57 /* Debug */,
				D0942AC71F6D67A700830F57 /* Release */,
			);
			defaultConfigurationIsVisible = 0;
			defaultConfigurationName = Release;
		};
		D0942B6C1F6D67A700830F57 /* Build configuration list for PBXLegacyTarget "CF-855.17" */ = {
			isa = XCConfigurationList;
			buildConfigurations = (
				D0942B6D1F6D67A700830F57 /* Debug */,
				D0942B6E1F6D67A700830F57 /* Release */,
			);
			defaultConfigurationIsVisible = 0;
			defaultConfigurationName = Release;
		};
/* End XCConfigurationList section */
	};
	rootObject = D0942AC51F6D67A700830F57 /* Project object */;
}
